
Microsoft Visual Studio Solution File, Format Version 12.00
# Visual Studio Version 17
VisualStudioVersion = 17.0.31903.59
MinimumVisualStudioVersion = 10.0.40219.1
Project("{2150E333-8FDC-42A3-9474-1A3956D46DE8}") = "src", "src", "{827E0CD3-B72D-47B6-A68D-7590B98EB39B}"
EndProject
Project("{2150E333-8FDC-42A3-9474-1A3956D46DE8}") = "Core", "Core", "{B72D47B6-827E-4CD3-9474-1A3956D46DE8}"
EndProject
Project("{2150E333-8FDC-42A3-9474-1A3956D46DE8}") = "Plugins", "Plugins", "{C72D47B6-827E-4CD3-9474-1A3956D46DE9}"
EndProject
Project("{FAE04EC0-301F-11D3-BF4B-00C04F79EFBC}") = "Meetlr.Domain", "src\Core\Meetlr.Domain\Meetlr.Domain.csproj", "{96118C88-E0CC-437F-ACB0-F15F7C8572BC}"
EndProject
Project("{FAE04EC0-301F-11D3-BF4B-00C04F79EFBC}") = "Meetlr.Application", "src\Core\Meetlr.Application\Meetlr.Application.csproj", "{D711A782-5196-4E4F-BFDB-31C5E6684E95}"
EndProject
Project("{FAE04EC0-301F-11D3-BF4B-00C04F79EFBC}") = "Meetlr.Infrastructure", "src\Core\Meetlr.Infrastructure\Meetlr.Infrastructure.csproj", "{D422C310-C94A-4132-B380-0F5831F3EB3E}"
EndProject
Project("{FAE04EC0-301F-11D3-BF4B-00C04F79EFBC}") = "Meetlr.Api", "src\Core\Meetlr.Api\Meetlr.Api.csproj", "{6CEA8C27-2E66-4154-8E4C-2A2E19F9BC91}"
EndProject
Project("{FAE04EC0-301F-11D3-BF4B-00C04F79EFBC}") = "Meetlr.Plugins.Payment.Stripe", "src\Plugins\Meetlr.Plugins.Payment.Stripe\Meetlr.Plugins.Payment.Stripe.csproj", "{A078B255-4095-4BB2-8CE3-9AE5D6EAB5E1}"
EndProject
Project("{FAE04EC0-301F-11D3-BF4B-00C04F79EFBC}") = "Meetlr.Module.Notifications", "src\Plugins\Meetlr.Module.Notifications\Meetlr.Module.Notifications.csproj", "{D7BE162E-C628-E435-886F-3A3039B592A4}"
EndProject
Project("{FAE04EC0-301F-11D3-BF4B-00C04F79EFBC}") = "Meetlr.Scheduler", "src\Core\Meetlr.Scheduler\Meetlr.Scheduler.csproj", "{8E69A2F0-9F03-4936-8174-2A1D640FE0F0}"
EndProject
Project("{FAE04EC0-301F-11D3-BF4B-00C04F79EFBC}") = "Meetlr.Plugins.MeetingTypes", "src\Plugins\Meetlr.Plugins.MeetingTypes\Meetlr.Plugins.MeetingTypes.csproj", "{E1F2A3B4-C5D6-4E7F-8A9B-0C1D2E3F4A5B}"
EndProject
Project("{FAE04EC0-301F-11D3-BF4B-00C04F79EFBC}") = "Meetlr.Module.Calendar", "src\Plugins\Meetlr.Module.Calendar\Meetlr.Module.Calendar.csproj", "{F2E3D4C5-B6A7-4E8F-9A0B-1C2D3E4F5A6B}"
EndProject
Project("{FAE04EC0-301F-11D3-BF4B-00C04F79EFBC}") = "Meetlr.Module.Analytics", "src\Plugins\Meetlr.Module.Analytics\Meetlr.Module.Analytics.csproj", "{3D0CDFDB-EDE7-4BBD-865B-31C23A84E8BA}"
EndProject
Project("{FAE04EC0-301F-11D3-BF4B-00C04F79EFBC}") = "Meetlr.Module.Board", "src\Plugins\Meetlr.Module.Board\Meetlr.Module.Board.csproj", "{D3BF22DD-5570-4F7D-B8C7-4DB806F77634}"
EndProject
Project("{FAE04EC0-301F-11D3-BF4B-00C04F79EFBC}") = "Meetlr.Module.Homepage", "src\Plugins\Meetlr.Module.Homepage\Meetlr.Module.Homepage.csproj", "{07B074DB-8B7F-41E0-B3A0-B354C2FAD46B}"
EndProject
Project("{FAE04EC0-301F-11D3-BF4B-00C04F79EFBC}") = "Meetlr.Module.SlotInvitation", "src\Plugins\Meetlr.Module.SlotInvitation\Meetlr.Module.SlotInvitation.csproj", "{94FF70CA-9D68-4E58-BCF8-A60BD70EE3AB}"
EndProject
Project("{FAE04EC0-301F-11D3-BF4B-00C04F79EFBC}") = "Meetlr.Module.Billing", "src\Plugins\Meetlr.Module.Billing\Meetlr.Module.Billing.csproj", "{D892A913-D803-4875-81BF-ED8B72B217BC}"
EndProject
Global
	GlobalSection(SolutionConfigurationPlatforms) = preSolution
		Debug|Any CPU = Debug|Any CPU
		Debug|x64 = Debug|x64
		Debug|x86 = Debug|x86
		Release|Any CPU = Release|Any CPU
		Release|x64 = Release|x64
		Release|x86 = Release|x86
	EndGlobalSection
	GlobalSection(ProjectConfigurationPlatforms) = postSolution
		{96118C88-E0CC-437F-ACB0-F15F7C8572BC}.Debug|Any CPU.ActiveCfg = Debug|Any CPU
		{96118C88-E0CC-437F-ACB0-F15F7C8572BC}.Debug|Any CPU.Build.0 = Debug|Any CPU
		{96118C88-E0CC-437F-ACB0-F15F7C8572BC}.Debug|x64.ActiveCfg = Debug|Any CPU
		{96118C88-E0CC-437F-ACB0-F15F7C8572BC}.Debug|x64.Build.0 = Debug|Any CPU
		{96118C88-E0CC-437F-ACB0-F15F7C8572BC}.Debug|x86.ActiveCfg = Debug|Any CPU
		{96118C88-E0CC-437F-ACB0-F15F7C8572BC}.Debug|x86.Build.0 = Debug|Any CPU
		{96118C88-E0CC-437F-ACB0-F15F7C8572BC}.Release|Any CPU.ActiveCfg = Release|Any CPU
		{96118C88-E0CC-437F-ACB0-F15F7C8572BC}.Release|Any CPU.Build.0 = Release|Any CPU
		{96118C88-E0CC-437F-ACB0-F15F7C8572BC}.Release|x64.ActiveCfg = Release|Any CPU
		{96118C88-E0CC-437F-ACB0-F15F7C8572BC}.Release|x64.Build.0 = Release|Any CPU
		{96118C88-E0CC-437F-ACB0-F15F7C8572BC}.Release|x86.ActiveCfg = Release|Any CPU
		{96118C88-E0CC-437F-ACB0-F15F7C8572BC}.Release|x86.Build.0 = Release|Any CPU
		{D711A782-5196-4E4F-BFDB-31C5E6684E95}.Debug|Any CPU.ActiveCfg = Debug|Any CPU
		{D711A782-5196-4E4F-BFDB-31C5E6684E95}.Debug|Any CPU.Build.0 = Debug|Any CPU
		{D711A782-5196-4E4F-BFDB-31C5E6684E95}.Debug|x64.ActiveCfg = Debug|Any CPU
		{D711A782-5196-4E4F-BFDB-31C5E6684E95}.Debug|x64.Build.0 = Debug|Any CPU
		{D711A782-5196-4E4F-BFDB-31C5E6684E95}.Debug|x86.ActiveCfg = Debug|Any CPU
		{D711A782-5196-4E4F-BFDB-31C5E6684E95}.Debug|x86.Build.0 = Debug|Any CPU
		{D711A782-5196-4E4F-BFDB-31C5E6684E95}.Release|Any CPU.ActiveCfg = Release|Any CPU
		{D711A782-5196-4E4F-BFDB-31C5E6684E95}.Release|Any CPU.Build.0 = Release|Any CPU
		{D711A782-5196-4E4F-BFDB-31C5E6684E95}.Release|x64.ActiveCfg = Release|Any CPU
		{D711A782-5196-4E4F-BFDB-31C5E6684E95}.Release|x64.Build.0 = Release|Any CPU
		{D711A782-5196-4E4F-BFDB-31C5E6684E95}.Release|x86.ActiveCfg = Release|Any CPU
		{D711A782-5196-4E4F-BFDB-31C5E6684E95}.Release|x86.Build.0 = Release|Any CPU
		{D422C310-C94A-4132-B380-0F5831F3EB3E}.Debug|Any CPU.ActiveCfg = Debug|Any CPU
		{D422C310-C94A-4132-B380-0F5831F3EB3E}.Debug|Any CPU.Build.0 = Debug|Any CPU
		{D422C310-C94A-4132-B380-0F5831F3EB3E}.Debug|x64.ActiveCfg = Debug|Any CPU
		{D422C310-C94A-4132-B380-0F5831F3EB3E}.Debug|x64.Build.0 = Debug|Any CPU
		{D422C310-C94A-4132-B380-0F5831F3EB3E}.Debug|x86.ActiveCfg = Debug|Any CPU
		{D422C310-C94A-4132-B380-0F5831F3EB3E}.Debug|x86.Build.0 = Debug|Any CPU
		{D422C310-C94A-4132-B380-0F5831F3EB3E}.Release|Any CPU.ActiveCfg = Release|Any CPU
		{D422C310-C94A-4132-B380-0F5831F3EB3E}.Release|Any CPU.Build.0 = Release|Any CPU
		{D422C310-C94A-4132-B380-0F5831F3EB3E}.Release|x64.ActiveCfg = Release|Any CPU
		{D422C310-C94A-4132-B380-0F5831F3EB3E}.Release|x64.Build.0 = Release|Any CPU
		{D422C310-C94A-4132-B380-0F5831F3EB3E}.Release|x86.ActiveCfg = Release|Any CPU
		{D422C310-C94A-4132-B380-0F5831F3EB3E}.Release|x86.Build.0 = Release|Any CPU
		{6CEA8C27-2E66-4154-8E4C-2A2E19F9BC91}.Debug|Any CPU.ActiveCfg = Debug|Any CPU
		{6CEA8C27-2E66-4154-8E4C-2A2E19F9BC91}.Debug|Any CPU.Build.0 = Debug|Any CPU
		{6CEA8C27-2E66-4154-8E4C-2A2E19F9BC91}.Debug|x64.ActiveCfg = Debug|Any CPU
		{6CEA8C27-2E66-4154-8E4C-2A2E19F9BC91}.Debug|x64.Build.0 = Debug|Any CPU
		{6CEA8C27-2E66-4154-8E4C-2A2E19F9BC91}.Debug|x86.ActiveCfg = Debug|Any CPU
		{6CEA8C27-2E66-4154-8E4C-2A2E19F9BC91}.Debug|x86.Build.0 = Debug|Any CPU
		{6CEA8C27-2E66-4154-8E4C-2A2E19F9BC91}.Release|Any CPU.ActiveCfg = Release|Any CPU
		{6CEA8C27-2E66-4154-8E4C-2A2E19F9BC91}.Release|Any CPU.Build.0 = Release|Any CPU
		{6CEA8C27-2E66-4154-8E4C-2A2E19F9BC91}.Release|x64.ActiveCfg = Release|Any CPU
		{6CEA8C27-2E66-4154-8E4C-2A2E19F9BC91}.Release|x64.Build.0 = Release|Any CPU
		{6CEA8C27-2E66-4154-8E4C-2A2E19F9BC91}.Release|x86.ActiveCfg = Release|Any CPU
		{6CEA8C27-2E66-4154-8E4C-2A2E19F9BC91}.Release|x86.Build.0 = Release|Any CPU
		{A078B255-4095-4BB2-8CE3-9AE5D6EAB5E1}.Debug|Any CPU.ActiveCfg = Debug|Any CPU
		{A078B255-4095-4BB2-8CE3-9AE5D6EAB5E1}.Debug|Any CPU.Build.0 = Debug|Any CPU
		{A078B255-4095-4BB2-8CE3-9AE5D6EAB5E1}.Debug|x64.ActiveCfg = Debug|Any CPU
		{A078B255-4095-4BB2-8CE3-9AE5D6EAB5E1}.Debug|x64.Build.0 = Debug|Any CPU
		{A078B255-4095-4BB2-8CE3-9AE5D6EAB5E1}.Debug|x86.ActiveCfg = Debug|Any CPU
		{A078B255-4095-4BB2-8CE3-9AE5D6EAB5E1}.Debug|x86.Build.0 = Debug|Any CPU
		{A078B255-4095-4BB2-8CE3-9AE5D6EAB5E1}.Release|Any CPU.ActiveCfg = Release|Any CPU
		{A078B255-4095-4BB2-8CE3-9AE5D6EAB5E1}.Release|Any CPU.Build.0 = Release|Any CPU
		{A078B255-4095-4BB2-8CE3-9AE5D6EAB5E1}.Release|x64.ActiveCfg = Release|Any CPU
		{A078B255-4095-4BB2-8CE3-9AE5D6EAB5E1}.Release|x64.Build.0 = Release|Any CPU
		{A078B255-4095-4BB2-8CE3-9AE5D6EAB5E1}.Release|x86.ActiveCfg = Release|Any CPU
		{A078B255-4095-4BB2-8CE3-9AE5D6EAB5E1}.Release|x86.Build.0 = Release|Any CPU
		{D7BE162E-C628-E435-886F-3A3039B592A4}.Debug|Any CPU.ActiveCfg = Debug|Any CPU
		{D7BE162E-C628-E435-886F-3A3039B592A4}.Debug|Any CPU.Build.0 = Debug|Any CPU
		{D7BE162E-C628-E435-886F-3A3039B592A4}.Debug|x64.ActiveCfg = Debug|Any CPU
		{D7BE162E-C628-E435-886F-3A3039B592A4}.Debug|x64.Build.0 = Debug|Any CPU
		{D7BE162E-C628-E435-886F-3A3039B592A4}.Debug|x86.ActiveCfg = Debug|Any CPU
		{D7BE162E-C628-E435-886F-3A3039B592A4}.Debug|x86.Build.0 = Debug|Any CPU
		{D7BE162E-C628-E435-886F-3A3039B592A4}.Release|Any CPU.ActiveCfg = Release|Any CPU
		{D7BE162E-C628-E435-886F-3A3039B592A4}.Release|Any CPU.Build.0 = Release|Any CPU
		{D7BE162E-C628-E435-886F-3A3039B592A4}.Release|x64.ActiveCfg = Release|Any CPU
		{D7BE162E-C628-E435-886F-3A3039B592A4}.Release|x64.Build.0 = Release|Any CPU
		{D7BE162E-C628-E435-886F-3A3039B592A4}.Release|x86.ActiveCfg = Release|Any CPU
		{D7BE162E-C628-E435-886F-3A3039B592A4}.Release|x86.Build.0 = Release|Any CPU
		{8E69A2F0-9F03-4936-8174-2A1D640FE0F0}.Debug|Any CPU.ActiveCfg = Debug|Any CPU
		{8E69A2F0-9F03-4936-8174-2A1D640FE0F0}.Debug|Any CPU.Build.0 = Debug|Any CPU
		{8E69A2F0-9F03-4936-8174-2A1D640FE0F0}.Debug|x64.ActiveCfg = Debug|Any CPU
		{8E69A2F0-9F03-4936-8174-2A1D640FE0F0}.Debug|x64.Build.0 = Debug|Any CPU
		{8E69A2F0-9F03-4936-8174-2A1D640FE0F0}.Debug|x86.ActiveCfg = Debug|Any CPU
		{8E69A2F0-9F03-4936-8174-2A1D640FE0F0}.Debug|x86.Build.0 = Debug|Any CPU
		{8E69A2F0-9F03-4936-8174-2A1D640FE0F0}.Release|Any CPU.ActiveCfg = Release|Any CPU
		{8E69A2F0-9F03-4936-8174-2A1D640FE0F0}.Release|Any CPU.Build.0 = Release|Any CPU
		{8E69A2F0-9F03-4936-8174-2A1D640FE0F0}.Release|x64.ActiveCfg = Release|Any CPU
		{8E69A2F0-9F03-4936-8174-2A1D640FE0F0}.Release|x64.Build.0 = Release|Any CPU
		{8E69A2F0-9F03-4936-8174-2A1D640FE0F0}.Release|x86.ActiveCfg = Release|Any CPU
		{8E69A2F0-9F03-4936-8174-2A1D640FE0F0}.Release|x86.Build.0 = Release|Any CPU
		{E1F2A3B4-C5D6-4E7F-8A9B-0C1D2E3F4A5B}.Debug|Any CPU.ActiveCfg = Debug|Any CPU
		{E1F2A3B4-C5D6-4E7F-8A9B-0C1D2E3F4A5B}.Debug|Any CPU.Build.0 = Debug|Any CPU
		{E1F2A3B4-C5D6-4E7F-8A9B-0C1D2E3F4A5B}.Debug|x64.ActiveCfg = Debug|Any CPU
		{E1F2A3B4-C5D6-4E7F-8A9B-0C1D2E3F4A5B}.Debug|x64.Build.0 = Debug|Any CPU
		{E1F2A3B4-C5D6-4E7F-8A9B-0C1D2E3F4A5B}.Debug|x86.ActiveCfg = Debug|Any CPU
		{E1F2A3B4-C5D6-4E7F-8A9B-0C1D2E3F4A5B}.Debug|x86.Build.0 = Debug|Any CPU
		{E1F2A3B4-C5D6-4E7F-8A9B-0C1D2E3F4A5B}.Release|Any CPU.ActiveCfg = Release|Any CPU
		{E1F2A3B4-C5D6-4E7F-8A9B-0C1D2E3F4A5B}.Release|Any CPU.Build.0 = Release|Any CPU
		{E1F2A3B4-C5D6-4E7F-8A9B-0C1D2E3F4A5B}.Release|x64.ActiveCfg = Release|Any CPU
		{E1F2A3B4-C5D6-4E7F-8A9B-0C1D2E3F4A5B}.Release|x64.Build.0 = Release|Any CPU
		{E1F2A3B4-C5D6-4E7F-8A9B-0C1D2E3F4A5B}.Release|x86.ActiveCfg = Release|Any CPU
		{E1F2A3B4-C5D6-4E7F-8A9B-0C1D2E3F4A5B}.Release|x86.Build.0 = Release|Any CPU
		{F2E3D4C5-B6A7-4E8F-9A0B-1C2D3E4F5A6B}.Debug|Any CPU.ActiveCfg = Debug|Any CPU
		{F2E3D4C5-B6A7-4E8F-9A0B-1C2D3E4F5A6B}.Debug|Any CPU.Build.0 = Debug|Any CPU
		{F2E3D4C5-B6A7-4E8F-9A0B-1C2D3E4F5A6B}.Debug|x64.ActiveCfg = Debug|Any CPU
		{F2E3D4C5-B6A7-4E8F-9A0B-1C2D3E4F5A6B}.Debug|x64.Build.0 = Debug|Any CPU
		{F2E3D4C5-B6A7-4E8F-9A0B-1C2D3E4F5A6B}.Debug|x86.ActiveCfg = Debug|Any CPU
		{F2E3D4C5-B6A7-4E8F-9A0B-1C2D3E4F5A6B}.Debug|x86.Build.0 = Debug|Any CPU
		{F2E3D4C5-B6A7-4E8F-9A0B-1C2D3E4F5A6B}.Release|Any CPU.ActiveCfg = Release|Any CPU
		{F2E3D4C5-B6A7-4E8F-9A0B-1C2D3E4F5A6B}.Release|Any CPU.Build.0 = Release|Any CPU
		{F2E3D4C5-B6A7-4E8F-9A0B-1C2D3E4F5A6B}.Release|x64.ActiveCfg = Release|Any CPU
		{F2E3D4C5-B6A7-4E8F-9A0B-1C2D3E4F5A6B}.Release|x64.Build.0 = Release|Any CPU
		{F2E3D4C5-B6A7-4E8F-9A0B-1C2D3E4F5A6B}.Release|x86.ActiveCfg = Release|Any CPU
		{F2E3D4C5-B6A7-4E8F-9A0B-1C2D3E4F5A6B}.Release|x86.Build.0 = Release|Any CPU
		{3D0CDFDB-EDE7-4BBD-865B-31C23A84E8BA}.Debug|Any CPU.ActiveCfg = Debug|Any CPU
		{3D0CDFDB-EDE7-4BBD-865B-31C23A84E8BA}.Debug|Any CPU.Build.0 = Debug|Any CPU
		{3D0CDFDB-EDE7-4BBD-865B-31C23A84E8BA}.Debug|x64.ActiveCfg = Debug|Any CPU
		{3D0CDFDB-EDE7-4BBD-865B-31C23A84E8BA}.Debug|x64.Build.0 = Debug|Any CPU
		{3D0CDFDB-EDE7-4BBD-865B-31C23A84E8BA}.Debug|x86.ActiveCfg = Debug|Any CPU
		{3D0CDFDB-EDE7-4BBD-865B-31C23A84E8BA}.Debug|x86.Build.0 = Debug|Any CPU
		{3D0CDFDB-EDE7-4BBD-865B-31C23A84E8BA}.Release|Any CPU.ActiveCfg = Release|Any CPU
		{3D0CDFDB-EDE7-4BBD-865B-31C23A84E8BA}.Release|Any CPU.Build.0 = Release|Any CPU
		{3D0CDFDB-EDE7-4BBD-865B-31C23A84E8BA}.Release|x64.ActiveCfg = Release|Any CPU
		{3D0CDFDB-EDE7-4BBD-865B-31C23A84E8BA}.Release|x64.Build.0 = Release|Any CPU
		{3D0CDFDB-EDE7-4BBD-865B-31C23A84E8BA}.Release|x86.ActiveCfg = Release|Any CPU
		{3D0CDFDB-EDE7-4BBD-865B-31C23A84E8BA}.Release|x86.Build.0 = Release|Any CPU
		{D3BF22DD-5570-4F7D-B8C7-4DB806F77634}.Debug|Any CPU.ActiveCfg = Debug|Any CPU
		{D3BF22DD-5570-4F7D-B8C7-4DB806F77634}.Debug|Any CPU.Build.0 = Debug|Any CPU
		{D3BF22DD-5570-4F7D-B8C7-4DB806F77634}.Debug|x64.ActiveCfg = Debug|Any CPU
		{D3BF22DD-5570-4F7D-B8C7-4DB806F77634}.Debug|x64.Build.0 = Debug|Any CPU
		{D3BF22DD-5570-4F7D-B8C7-4DB806F77634}.Debug|x86.ActiveCfg = Debug|Any CPU
		{D3BF22DD-5570-4F7D-B8C7-4DB806F77634}.Debug|x86.Build.0 = Debug|Any CPU
		{D3BF22DD-5570-4F7D-B8C7-4DB806F77634}.Release|Any CPU.ActiveCfg = Release|Any CPU
		{D3BF22DD-5570-4F7D-B8C7-4DB806F77634}.Release|Any CPU.Build.0 = Release|Any CPU
		{D3BF22DD-5570-4F7D-B8C7-4DB806F77634}.Release|x64.ActiveCfg = Release|Any CPU
		{D3BF22DD-5570-4F7D-B8C7-4DB806F77634}.Release|x64.Build.0 = Release|Any CPU
		{D3BF22DD-5570-4F7D-B8C7-4DB806F77634}.Release|x86.ActiveCfg = Release|Any CPU
		{D3BF22DD-5570-4F7D-B8C7-4DB806F77634}.Release|x86.Build.0 = Release|Any CPU
		{07B074DB-8B7F-41E0-B3A0-B354C2FAD46B}.Debug|Any CPU.ActiveCfg = Debug|Any CPU
		{07B074DB-8B7F-41E0-B3A0-B354C2FAD46B}.Debug|Any CPU.Build.0 = Debug|Any CPU
		{07B074DB-8B7F-41E0-B3A0-B354C2FAD46B}.Debug|x64.ActiveCfg = Debug|Any CPU
		{07B074DB-8B7F-41E0-B3A0-B354C2FAD46B}.Debug|x64.Build.0 = Debug|Any CPU
		{07B074DB-8B7F-41E0-B3A0-B354C2FAD46B}.Debug|x86.ActiveCfg = Debug|Any CPU
		{07B074DB-8B7F-41E0-B3A0-B354C2FAD46B}.Debug|x86.Build.0 = Debug|Any CPU
		{07B074DB-8B7F-41E0-B3A0-B354C2FAD46B}.Release|Any CPU.ActiveCfg = Release|Any CPU
		{07B074DB-8B7F-41E0-B3A0-B354C2FAD46B}.Release|Any CPU.Build.0 = Release|Any CPU
		{07B074DB-8B7F-41E0-B3A0-B354C2FAD46B}.Release|x64.ActiveCfg = Release|Any CPU
		{07B074DB-8B7F-41E0-B3A0-B354C2FAD46B}.Release|x64.Build.0 = Release|Any CPU
		{07B074DB-8B7F-41E0-B3A0-B354C2FAD46B}.Release|x86.ActiveCfg = Release|Any CPU
		{07B074DB-8B7F-41E0-B3A0-B354C2FAD46B}.Release|x86.Build.0 = Release|Any CPU
		{94FF70CA-9D68-4E58-BCF8-A60BD70EE3AB}.Debug|Any CPU.ActiveCfg = Debug|Any CPU
		{94FF70CA-9D68-4E58-BCF8-A60BD70EE3AB}.Debug|Any CPU.Build.0 = Debug|Any CPU
		{94FF70CA-9D68-4E58-BCF8-A60BD70EE3AB}.Debug|x64.ActiveCfg = Debug|Any CPU
		{94FF70CA-9D68-4E58-BCF8-A60BD70EE3AB}.Debug|x64.Build.0 = Debug|Any CPU
		{94FF70CA-9D68-4E58-BCF8-A60BD70EE3AB}.Debug|x86.ActiveCfg = Debug|Any CPU
		{94FF70CA-9D68-4E58-BCF8-A60BD70EE3AB}.Debug|x86.Build.0 = Debug|Any CPU
		{94FF70CA-9D68-4E58-BCF8-A60BD70EE3AB}.Release|Any CPU.ActiveCfg = Release|Any CPU
		{94FF70CA-9D68-4E58-BCF8-A60BD70EE3AB}.Release|Any CPU.Build.0 = Release|Any CPU
		{94FF70CA-9D68-4E58-BCF8-A60BD70EE3AB}.Release|x64.ActiveCfg = Release|Any CPU
		{94FF70CA-9D68-4E58-BCF8-A60BD70EE3AB}.Release|x64.Build.0 = Release|Any CPU
		{94FF70CA-9D68-4E58-BCF8-A60BD70EE3AB}.Release|x86.ActiveCfg = Release|Any CPU
		{94FF70CA-9D68-4E58-BCF8-A60BD70EE3AB}.Release|x86.Build.0 = Release|Any CPU
		{D892A913-D803-4875-81BF-ED8B72B217BC}.Debug|Any CPU.ActiveCfg = Debug|Any CPU
		{D892A913-D803-4875-81BF-ED8B72B217BC}.Debug|Any CPU.Build.0 = Debug|Any CPU
		{D892A913-D803-4875-81BF-ED8B72B217BC}.Debug|x64.ActiveCfg = Debug|Any CPU
		{D892A913-D803-4875-81BF-ED8B72B217BC}.Debug|x64.Build.0 = Debug|Any CPU
		{D892A913-D803-4875-81BF-ED8B72B217BC}.Debug|x86.ActiveCfg = Debug|Any CPU
		{D892A913-D803-4875-81BF-ED8B72B217BC}.Debug|x86.Build.0 = Debug|Any CPU
		{D892A913-D803-4875-81BF-ED8B72B217BC}.Release|Any CPU.ActiveCfg = Release|Any CPU
		{D892A913-D803-4875-81BF-ED8B72B217BC}.Release|Any CPU.Build.0 = Release|Any CPU
		{D892A913-D803-4875-81BF-ED8B72B217BC}.Release|x64.ActiveCfg = Release|Any CPU
		{D892A913-D803-4875-81BF-ED8B72B217BC}.Release|x64.Build.0 = Release|Any CPU
		{D892A913-D803-4875-81BF-ED8B72B217BC}.Release|x86.ActiveCfg = Release|Any CPU
		{D892A913-D803-4875-81BF-ED8B72B217BC}.Release|x86.Build.0 = Release|Any CPU
	EndGlobalSection
	GlobalSection(SolutionProperties) = preSolution
		HideSolutionNode = FALSE
	EndGlobalSection
	GlobalSection(NestedProjects) = preSolution
		{B72D47B6-827E-4CD3-9474-1A3956D46DE8} = {827E0CD3-B72D-47B6-A68D-7590B98EB39B}
		{C72D47B6-827E-4CD3-9474-1A3956D46DE9} = {827E0CD3-B72D-47B6-A68D-7590B98EB39B}
		{96118C88-E0CC-437F-ACB0-F15F7C8572BC} = {B72D47B6-827E-4CD3-9474-1A3956D46DE8}
		{D711A782-5196-4E4F-BFDB-31C5E6684E95} = {B72D47B6-827E-4CD3-9474-1A3956D46DE8}
		{D422C310-C94A-4132-B380-0F5831F3EB3E} = {B72D47B6-827E-4CD3-9474-1A3956D46DE8}
		{6CEA8C27-2E66-4154-8E4C-2A2E19F9BC91} = {B72D47B6-827E-4CD3-9474-1A3956D46DE8}
		{A078B255-4095-4BB2-8CE3-9AE5D6EAB5E1} = {C72D47B6-827E-4CD3-9474-1A3956D46DE9}
		{D7BE162E-C628-E435-886F-3A3039B592A4} = {C72D47B6-827E-4CD3-9474-1A3956D46DE9}
		{8E69A2F0-9F03-4936-8174-2A1D640FE0F0} = {B72D47B6-827E-4CD3-9474-1A3956D46DE8}
		{E1F2A3B4-C5D6-4E7F-8A9B-0C1D2E3F4A5B} = {C72D47B6-827E-4CD3-9474-1A3956D46DE9}
		{F2E3D4C5-B6A7-4E8F-9A0B-1C2D3E4F5A6B} = {C72D47B6-827E-4CD3-9474-1A3956D46DE9}
		{3D0CDFDB-EDE7-4BBD-865B-31C23A84E8BA} = {C72D47B6-827E-4CD3-9474-1A3956D46DE9}
		{D3BF22DD-5570-4F7D-B8C7-4DB806F77634} = {C72D47B6-827E-4CD3-9474-1A3956D46DE9}
		{07B074DB-8B7F-41E0-B3A0-B354C2FAD46B} = {C72D47B6-827E-4CD3-9474-1A3956D46DE9}
		{94FF70CA-9D68-4E58-BCF8-A60BD70EE3AB} = {C72D47B6-827E-4CD3-9474-1A3956D46DE9}
		{D892A913-D803-4875-81BF-ED8B72B217BC} = {C72D47B6-827E-4CD3-9474-1A3956D46DE9}
	EndGlobalSection
EndGlobal
